
Microsoft Visual Studio Solution File, Format Version 12.00
# Visual Studio 17
VisualStudioVersion = 17.11.35303.130
MinimumVisualStudioVersion = 10.0.40219.1
Project("{FAE04EC0-301F-11D3-BF4B-00C04F79EFBC}") = "{{ cookiecutter.mod_name.replace(' ','') }}", "Source\{{ cookiecutter.mod_name.replace(' ','') }}.csproj", "{{ '{' }}{{ cookiecutter.project_uuid.upper() }}{{ '}' }}"
EndProject
Project("{2150E333-8FDC-42A3-9474-1A3956D46DE8}") = "Solution Items", "Solution Items", "{{ '{' }}{{ cookiecutter.solution_folder_uuid.upper() }}{{ '}' }}"
	ProjectSection(SolutionItems) = preProject
		.editorconfig = .editorconfig
	EndProjectSection
EndProject
Global
	GlobalSection(SolutionConfigurationPlatforms) = preSolution
	{% for supported_version in cookiecutter.supported_versions.split(',') %}
		{{ supported_version }}|x64 = {{ supported_version }}|x64
	{% endfor %}
	EndGlobalSection
	GlobalSection(ProjectConfigurationPlatforms) = postSolution
	{% for supported_version in cookiecutter.supported_versions.split(',') %}
		{{ '{' }}{{ cookiecutter.project_uuid }}{{ '}' }}.{{ supported_version }}|x64.ActiveCfg = {{ supported_version.upper() }}|x64
		{{ '{' }}{{ cookiecutter.project_uuid }}{{ '}' }}.{{ supported_version }}|x64.Build.0 = {{ supported_version.upper() }}|x64
	{% endfor %}
	EndGlobalSection
	GlobalSection(SolutionProperties) = preSolution
		HideSolutionNode = FALSE
	EndGlobalSection
	GlobalSection(ExtensibilityGlobals) = postSolution
		SolutionGuid = {{ '{' }}{{ cookiecutter.solution_uuid.upper() }}{{ '}' }}
	EndGlobalSection
EndGlobal
